github.com/google/go-cmp v0.7.0 h1:wk8382ETsv4JYUZwIsn6YpYiWiBsYLSJiTsyBybVuN8=
github.com/google/go-cmp v0.7.0/go.mod h1:pXiqmnSA92OHEEa9HXL2W4E7lf9JzCmGVUdgjX3N/iU=
github.com/mosaic-media/contracts v0.32.0 h1:NOqCKykPo0suFEa7+8Pd8kogdq9hgITzSBbkZ+Hx238=
github.com/mosaic-media/contracts v0.32.0/go.mod h1:PTcqIYfXR9ATnb2ihAWD2sfg4+Tjihne7yIDfJwXUJ0=
github.com/mosaic-media/sdk v0.24.0 h1:8P4Jaxp2KZOB88IczZEJbZn31woPbgTwjS+GmGov/RQ=
github.com/mosaic-media/sdk v0.24.0/go.mod h1:E+B7qxfjCSmymJPnBHN2/j38aM9+qAJbdaTVZBHHuyQ=
github.com/santhosh-tekuri/jsonschema/v5 v5.3.1 h1:lZUw3E0/J3roVtGQ+SCrUrg3ON6NgVqpn3+iol9aGu4=
github.com/santhosh-tekuri/jsonschema/v5 v5.3.1/go.mod h1:uToXkOrWAZ6/Oc07xWQrPOhJotwFIyu2bBVN41fcDUY=
google.golang.org/protobuf v1.36.11 h1:fV6ZwhNocDyBLK0dj+fg8ektcVegBBuEolpbTQyBNVE=
google.golang.org/protobuf v1.36.11/go.mod h1:HTf+CrKn2C3g5S8VImy6tdcUvCska2kB7j23XfzDpco=
